// !$*UTF8*$!
{
	archiveVersion = 1;
	classes = {
	};
	objectVersion = 46;
	objects = {

/* Begin PBXBuildFile section */
		4824599D1EA31844005CA399 /* UITextField+BottomBorder.m in Sources */ = {isa = PBXBuildFile; fileRef = 4824599C1EA31844005CA399 /* UITextField+BottomBorder.m */; };
		482459A01EA318EC005CA399 /* UIImage+Gradient.m in Sources */ = {isa = PBXBuildFile; fileRef = 4824599F1EA318EC005CA399 /* UIImage+Gradient.m */; };
		48CCBA351E6EF3A90000986F /* main.m in Sources */ = {isa = PBXBuildFile; fileRef = 48CCBA341E6EF3A90000986F /* main.m */; };
		48CCBA381E6EF3A90000986F /* AppDelegate.m in Sources */ = {isa = PBXBuildFile; fileRef = 48CCBA371E6EF3A90000986F /* AppDelegate.m */; };
		48CCBA3B1E6EF3A90000986F /* ViewController.m in Sources */ = {isa = PBXBuildFile; fileRef = 48CCBA3A1E6EF3A90000986F /* ViewController.m */; };
		48CCBA3E1E6EF3A90000986F /* Main.storyboard in Resources */ = {isa = PBXBuildFile; fileRef = 48CCBA3C1E6EF3A90000986F /* Main.storyboard */; };
		48CCBA401E6EF3A90000986F /* Assets.xcassets in Resources */ = {isa = PBXBuildFile; fileRef = 48CCBA3F1E6EF3A90000986F /* Assets.xcassets */; };
		48CCBA431E6EF3A90000986F /* LaunchScreen.storyboard in Resources */ = {isa = PBXBuildFile; fileRef = 48CCBA411E6EF3A90000986F /* LaunchScreen.storyboard */; };
		48CCBA4D1E6EF3E30000986F /* UIView+Size.m in Sources */ = {isa = PBXBuildFile; fileRef = 48CCBA4C1E6EF3E30000986F /* UIView+Size.m */; };
		48CCBA521E6F8DA90000986F /* PassWordTool.m in Sources */ = {isa = PBXBuildFile; fileRef = 48CCBA511E6F8DA90000986F /* PassWordTool.m */; };
		48CCBA551E6F8DF90000986F /* KeychainTool.m in Sources */ = {isa = PBXBuildFile; fileRef = 48CCBA541E6F8DF90000986F /* KeychainTool.m */; };
		48CCBA581E6F8E8F0000986F /* EncryptTool.m in Sources */ = {isa = PBXBuildFile; fileRef = 48CCBA571E6F8E8F0000986F /* EncryptTool.m */; };
		48CCBA5B1E6F8EFB0000986F /* RSAEncryptorTool.m in Sources */ = {isa = PBXBuildFile; fileRef = 48CCBA5A1E6F8EFB0000986F /* RSAEncryptorTool.m */; };
		48CCBA621E6F91870000986F /* GTMBase64.m in Sources */ = {isa = PBXBuildFile; fileRef = 48CCBA5E1E6F91870000986F /* GTMBase64.m */; };
		48CCBA631E6F91870000986F /* NSString+MD5.m in Sources */ = {isa = PBXBuildFile; fileRef = 48CCBA611E6F91870000986F /* NSString+MD5.m */; };
		48CCBA661E6F91CC0000986F /* NSData+AES.m in Sources */ = {isa = PBXBuildFile; fileRef = 48CCBA651E6F91CC0000986F /* NSData+AES.m */; };
		48CCBA691E6F941A0000986F /* CookieTool.m in Sources */ = {isa = PBXBuildFile; fileRef = 48CCBA681E6F941A0000986F /* CookieTool.m */; };
		48CCBA6C1E6F99710000986F /* TypeTransformTool.m in Sources */ = {isa = PBXBuildFile; fileRef = 48CCBA6B1E6F99710000986F /* TypeTransformTool.m */; };
		48CCBA711E6FA2550000986F /* NSObject+ScaleFrame.m in Sources */ = {isa = PBXBuildFile; fileRef = 48CCBA701E6FA2550000986F /* NSObject+ScaleFrame.m */; };
		48D661F21E7009BF00BEA9C0 /* LICENSE in Resources */ = {isa = PBXBuildFile; fileRef = 48D661EC1E7009BF00BEA9C0 /* LICENSE */; };
		48D661F31E7009BF00BEA9C0 /* NinaSelectionView.m in Sources */ = {isa = PBXBuildFile; fileRef = 48D661EF1E7009BF00BEA9C0 /* NinaSelectionView.m */; };
		48D661F41E7009BF00BEA9C0 /* README.md in Sources */ = {isa = PBXBuildFile; fileRef = 48D661F11E7009BF00BEA9C0 /* README.md */; };
		48E64A911E9CD1BD008C15D4 /* HMSegmentedControl.m in Sources */ = {isa = PBXBuildFile; fileRef = 48E64A901E9CD1BD008C15D4 /* HMSegmentedControl.m */; };
		48E64A951E9CD316008C15D4 /* UITableView+Extension.m in Sources */ = {isa = PBXBuildFile; fileRef = 48E64A941E9CD316008C15D4 /* UITableView+Extension.m */; };
		48EA08D01E6FC08800125A2D /* FileTools.m in Sources */ = {isa = PBXBuildFile; fileRef = 48EA08CF1E6FC08800125A2D /* FileTools.m */; };
		48EA08D31E6FC13600125A2D /* StringTool.m in Sources */ = {isa = PBXBuildFile; fileRef = 48EA08D21E6FC13600125A2D /* StringTool.m */; };
		48EA08D61E6FC1AF00125A2D /* DateTool.m in Sources */ = {isa = PBXBuildFile; fileRef = 48EA08D51E6FC1AF00125A2D /* DateTool.m */; };
		48EA08D91E6FC26600125A2D /* ColorTool.m in Sources */ = {isa = PBXBuildFile; fileRef = 48EA08D81E6FC26600125A2D /* ColorTool.m */; };
		48EA08DC1E6FC2C600125A2D /* ImageTool.m in Sources */ = {isa = PBXBuildFile; fileRef = 48EA08DB1E6FC2C600125A2D /* ImageTool.m */; };
		48EA08DF1E6FC2EB00125A2D /* CoreImage.framework in Frameworks */ = {isa = PBXBuildFile; fileRef = 48EA08DE1E6FC2EB00125A2D /* CoreImage.framework */; };
		48EA08E21E6FC4BD00125A2D /* ViewTool.m in Sources */ = {isa = PBXBuildFile; fileRef = 48EA08E11E6FC4BD00125A2D /* ViewTool.m */; };
		48EA08E51E6FC4FF00125A2D /* JSONTool.m in Sources */ = {isa = PBXBuildFile; fileRef = 48EA08E41E6FC4FF00125A2D /* JSONTool.m */; };
		48EA08E81E6FC5F000125A2D /* UIView+LYS.m in Sources */ = {isa = PBXBuildFile; fileRef = 48EA08E71E6FC5F000125A2D /* UIView+LYS.m */; };
		48F814F21E9C5CAA00DF0516 /* UITextView+Placeholder.m in Sources */ = {isa = PBXBuildFile; fileRef = 48F814F11E9C5CAA00DF0516 /* UITextView+Placeholder.m */; };
		48F814F51E9C5D2A00DF0516 /* NSString+RandomKey.m in Sources */ = {isa = PBXBuildFile; fileRef = 48F814F41E9C5D2A00DF0516 /* NSString+RandomKey.m */; };
/* End PBXBuildFile section */

/* Begin PBXFileReference section */
		4824599B1EA31844005CA399 /* UITextField+BottomBorder.h */ = {isa = PBXFileReference; fileEncoding = 4; lastKnownFileType = sourcecode.c.h; path = "UITextField+BottomBorder.h"; sourceTree = "<group>"; };
		4824599C1EA31844005CA399 /* UITextField+BottomBorder.m */ = {isa = PBXFileReference; fileEncoding = 4; lastKnownFileType = sourcecode.c.objc; path = "UITextField+BottomBorder.m"; sourceTree = "<group>"; };
		4824599E1EA318EC005CA399 /* UIImage+Gradient.h */ = {isa = PBXFileReference; fileEncoding = 4; lastKnownFileType = sourcecode.c.h; path = "UIImage+Gradient.h"; sourceTree = "<group>"; };
		4824599F1EA318EC005CA399 /* UIImage+Gradient.m */ = {isa = PBXFileReference; fileEncoding = 4; lastKnownFileType = sourcecode.c.objc; path = "UIImage+Gradient.m"; sourceTree = "<group>"; };
		48CCBA301E6EF3A90000986F /* LYSCommonProject.app */ = {isa = PBXFileReference; explicitFileType = wrapper.application; includeInIndex = 0; path = LYSCommonProject.app; sourceTree = BUILT_PRODUCTS_DIR; };
		48CCBA341E6EF3A90000986F /* main.m */ = {isa = PBXFileReference; lastKnownFileType = sourcecode.c.objc; path = main.m; sourceTree = "<group>"; };
		48CCBA361E6EF3A90000986F /* AppDelegate.h */ = {isa = PBXFileReference; lastKnownFileType = sourcecode.c.h; path = AppDelegate.h; sourceTree = "<group>"; };
		48CCBA371E6EF3A90000986F /* AppDelegate.m */ = {isa = PBXFileReference; lastKnownFileType = sourcecode.c.objc; path = AppDelegate.m; sourceTree = "<group>"; };
		48CCBA391E6EF3A90000986F /* ViewController.h */ = {isa = PBXFileReference; lastKnownFileType = sourcecode.c.h; path = ViewController.h; sourceTree = "<group>"; };
		48CCBA3A1E6EF3A90000986F /* ViewController.m */ = {isa = PBXFileReference; lastKnownFileType = sourcecode.c.objc; path = ViewController.m; sourceTree = "<group>"; };
		48CCBA3D1E6EF3A90000986F /* Base */ = {isa = PBXFileReference; lastKnownFileType = file.storyboard; name = Base; path = Base.lproj/Main.storyboard; sourceTree = "<group>"; };
		48CCBA3F1E6EF3A90000986F /* Assets.xcassets */ = {isa = PBXFileReference; lastKnownFileType = folder.assetcatalog; path = Assets.xcassets; sourceTree = "<group>"; };
		48CCBA421E6EF3A90000986F /* Base */ = {isa = PBXFileReference; lastKnownFileType = file.storyboard; name = Base; path = Base.lproj/LaunchScreen.storyboard; sourceTree = "<group>"; };
		48CCBA441E6EF3A90000986F /* Info.plist */ = {isa = PBXFileReference; lastKnownFileType = text.plist.xml; path = Info.plist; sourceTree = "<group>"; };
		48CCBA4B1E6EF3E30000986F /* UIView+Size.h */ = {isa = PBXFileReference; fileEncoding = 4; lastKnownFileType = sourcecode.c.h; path = "UIView+Size.h"; sourceTree = "<group>"; };
		48CCBA4C1E6EF3E30000986F /* UIView+Size.m */ = {isa = PBXFileReference; fileEncoding = 4; lastKnownFileType = sourcecode.c.objc; path = "UIView+Size.m"; sourceTree = "<group>"; };
		48CCBA501E6F8DA90000986F /* PassWordTool.h */ = {isa = PBXFileReference; fileEncoding = 4; lastKnownFileType = sourcecode.c.h; path = PassWordTool.h; sourceTree = "<group>"; };
		48CCBA511E6F8DA90000986F /* PassWordTool.m */ = {isa = PBXFileReference; fileEncoding = 4; lastKnownFileType = sourcecode.c.objc; path = PassWordTool.m; sourceTree = "<group>"; };
		48CCBA531E6F8DF90000986F /* KeychainTool.h */ = {isa = PBXFileReference; fileEncoding = 4; lastKnownFileType = sourcecode.c.h; path = KeychainTool.h; sourceTree = "<group>"; };
		48CCBA541E6F8DF90000986F /* KeychainTool.m */ = {isa = PBXFileReference; fileEncoding = 4; lastKnownFileType = sourcecode.c.objc; path = KeychainTool.m; sourceTree = "<group>"; };
		48CCBA561E6F8E8F0000986F /* EncryptTool.h */ = {isa = PBXFileReference; fileEncoding = 4; lastKnownFileType = sourcecode.c.h; path = EncryptTool.h; sourceTree = "<group>"; };
		48CCBA571E6F8E8F0000986F /* EncryptTool.m */ = {isa = PBXFileReference; fileEncoding = 4; lastKnownFileType = sourcecode.c.objc; path = EncryptTool.m; sourceTree = "<group>"; };
		48CCBA591E6F8EFB0000986F /* RSAEncryptorTool.h */ = {isa = PBXFileReference; fileEncoding = 4; lastKnownFileType = sourcecode.c.h; path = RSAEncryptorTool.h; sourceTree = "<group>"; };
		48CCBA5A1E6F8EFB0000986F /* RSAEncryptorTool.m */ = {isa = PBXFileReference; fileEncoding = 4; lastKnownFileType = sourcecode.c.objc; path = RSAEncryptorTool.m; sourceTree = "<group>"; };
		48CCBA5D1E6F91870000986F /* GTMBase64.h */ = {isa = PBXFileReference; fileEncoding = 4; lastKnownFileType = sourcecode.c.h; path = GTMBase64.h; sourceTree = "<group>"; };
		48CCBA5E1E6F91870000986F /* GTMBase64.m */ = {isa = PBXFileReference; fileEncoding = 4; lastKnownFileType = sourcecode.c.objc; path = GTMBase64.m; sourceTree = "<group>"; };
		48CCBA5F1E6F91870000986F /* GTMDefines.h */ = {isa = PBXFileReference; fileEncoding = 4; lastKnownFileType = sourcecode.c.h; path = GTMDefines.h; sourceTree = "<group>"; };
		48CCBA601E6F91870000986F /* NSString+MD5.h */ = {isa = PBXFileReference; fileEncoding = 4; lastKnownFileType = sourcecode.c.h; path = "NSString+MD5.h"; sourceTree = "<group>"; };
		48CCBA611E6F91870000986F /* NSString+MD5.m */ = {isa = PBXFileReference; fileEncoding = 4; lastKnownFileType = sourcecode.c.objc; path = "NSString+MD5.m"; sourceTree = "<group>"; };
		48CCBA641E6F91CC0000986F /* NSData+AES.h */ = {isa = PBXFileReference; fileEncoding = 4; lastKnownFileType = sourcecode.c.h; path = "NSData+AES.h"; sourceTree = "<group>"; };
		48CCBA651E6F91CC0000986F /* NSData+AES.m */ = {isa = PBXFileReference; fileEncoding = 4; lastKnownFileType = sourcecode.c.objc; path = "NSData+AES.m"; sourceTree = "<group>"; };
		48CCBA671E6F941A0000986F /* CookieTool.h */ = {isa = PBXFileReference; fileEncoding = 4; lastKnownFileType = sourcecode.c.h; path = CookieTool.h; sourceTree = "<group>"; };
		48CCBA681E6F941A0000986F /* CookieTool.m */ = {isa = PBXFileReference; fileEncoding = 4; lastKnownFileType = sourcecode.c.objc; path = CookieTool.m; sourceTree = "<group>"; };
		48CCBA6A1E6F99710000986F /* TypeTransformTool.h */ = {isa = PBXFileReference; fileEncoding = 4; lastKnownFileType = sourcecode.c.h; path = TypeTransformTool.h; sourceTree = "<group>"; };
		48CCBA6B1E6F99710000986F /* TypeTransformTool.m */ = {isa = PBXFileReference; fileEncoding = 4; lastKnownFileType = sourcecode.c.objc; path = TypeTransformTool.m; sourceTree = "<group>"; };
		48CCBA6D1E6F9E9F0000986F /* Singleton.h */ = {isa = PBXFileReference; fileEncoding = 4; lastKnownFileType = sourcecode.c.h; path = Singleton.h; sourceTree = "<group>"; };
		48CCBA6E1E6F9EC80000986F /* GlobalFn.h */ = {isa = PBXFileReference; fileEncoding = 4; lastKnownFileType = sourcecode.c.h; path = GlobalFn.h; sourceTree = "<group>"; };
		48CCBA6F1E6FA2550000986F /* NSObject+ScaleFrame.h */ = {isa = PBXFileReference; fileEncoding = 4; lastKnownFileType = sourcecode.c.h; path = "NSObject+ScaleFrame.h"; sourceTree = "<group>"; };
		48CCBA701E6FA2550000986F /* NSObject+ScaleFrame.m */ = {isa = PBXFileReference; fileEncoding = 4; lastKnownFileType = sourcecode.c.objc; path = "NSObject+ScaleFrame.m"; sourceTree = "<group>"; };
		48D661EC1E7009BF00BEA9C0 /* LICENSE */ = {isa = PBXFileReference; fileEncoding = 4; lastKnownFileType = text; path = LICENSE; sourceTree = "<group>"; };
		48D661EE1E7009BF00BEA9C0 /* NinaSelectionView.h */ = {isa = PBXFileReference; fileEncoding = 4; lastKnownFileType = sourcecode.c.h; path = NinaSelectionView.h; sourceTree = "<group>"; };
		48D661EF1E7009BF00BEA9C0 /* NinaSelectionView.m */ = {isa = PBXFileReference; fileEncoding = 4; lastKnownFileType = sourcecode.c.objc; path = NinaSelectionView.m; sourceTree = "<group>"; };
		48D661F01E7009BF00BEA9C0 /* UIParameter.h */ = {isa = PBXFileReference; fileEncoding = 4; lastKnownFileType = sourcecode.c.h; path = UIParameter.h; sourceTree = "<group>"; };
		48D661F11E7009BF00BEA9C0 /* README.md */ = {isa = PBXFileReference; fileEncoding = 4; lastKnownFileType = net.daringfireball.markdown; path = README.md; sourceTree = "<group>"; };
		48E64A8F1E9CD1BD008C15D4 /* HMSegmentedControl.h */ = {isa = PBXFileReference; fileEncoding = 4; lastKnownFileType = sourcecode.c.h; path = HMSegmentedControl.h; sourceTree = "<group>"; };
		48E64A901E9CD1BD008C15D4 /* HMSegmentedControl.m */ = {isa = PBXFileReference; fileEncoding = 4; lastKnownFileType = sourcecode.c.objc; path = HMSegmentedControl.m; sourceTree = "<group>"; };
		48E64A931E9CD316008C15D4 /* UITableView+Extension.h */ = {isa = PBXFileReference; fileEncoding = 4; lastKnownFileType = sourcecode.c.h; path = "UITableView+Extension.h"; sourceTree = "<group>"; };
		48E64A941E9CD316008C15D4 /* UITableView+Extension.m */ = {isa = PBXFileReference; fileEncoding = 4; lastKnownFileType = sourcecode.c.objc; path = "UITableView+Extension.m"; sourceTree = "<group>"; };
		48EA08CE1E6FC08800125A2D /* FileTools.h */ = {isa = PBXFileReference; fileEncoding = 4; lastKnownFileType = sourcecode.c.h; path = FileTools.h; sourceTree = "<group>"; };
		48EA08CF1E6FC08800125A2D /* FileTools.m */ = {isa = PBXFileReference; fileEncoding = 4; lastKnownFileType = sourcecode.c.objc; path = FileTools.m; sourceTree = "<group>"; };
		48EA08D11E6FC13600125A2D /* StringTool.h */ = {isa = PBXFileReference; fileEncoding = 4; lastKnownFileType = sourcecode.c.h; path = StringTool.h; sourceTree = "<group>"; };
		48EA08D21E6FC13600125A2D /* StringTool.m */ = {isa = PBXFileReference; fileEncoding = 4; lastKnownFileType = sourcecode.c.objc; path = StringTool.m; sourceTree = "<group>"; };
		48EA08D41E6FC1AF00125A2D /* DateTool.h */ = {isa = PBXFileReference; fileEncoding = 4; lastKnownFileType = sourcecode.c.h; path = DateTool.h; sourceTree = "<group>"; };
		48EA08D51E6FC1AF00125A2D /* DateTool.m */ = {isa = PBXFileReference; fileEncoding = 4; lastKnownFileType = sourcecode.c.objc; path = DateTool.m; sourceTree = "<group>"; };
		48EA08D71E6FC26600125A2D /* ColorTool.h */ = {isa = PBXFileReference; fileEncoding = 4; lastKnownFileType = sourcecode.c.h; path = ColorTool.h; sourceTree = "<group>"; };
		48EA08D81E6FC26600125A2D /* ColorTool.m */ = {isa = PBXFileReference; fileEncoding = 4; lastKnownFileType = sourcecode.c.objc; path = ColorTool.m; sourceTree = "<group>"; };
		48EA08DA1E6FC2C600125A2D /* ImageTool.h */ = {isa = PBXFileReference; fileEncoding = 4; lastKnownFileType = sourcecode.c.h; path = ImageTool.h; sourceTree = "<group>"; };
		48EA08DB1E6FC2C600125A2D /* ImageTool.m */ = {isa = PBXFileReference; fileEncoding = 4; lastKnownFileType = sourcecode.c.objc; path = ImageTool.m; sourceTree = "<group>"; };
		48EA08DE1E6FC2EB00125A2D /* CoreImage.framework */ = {isa = PBXFileReference; lastKnownFileType = wrapper.framework; name = CoreImage.framework; path = System/Library/Frameworks/CoreImage.framework; sourceTree = SDKROOT; };
		48EA08E01E6FC4BD00125A2D /* ViewTool.h */ = {isa = PBXFileReference; fileEncoding = 4; lastKnownFileType = sourcecode.c.h; path = ViewTool.h; sourceTree = "<group>"; };
		48EA08E11E6FC4BD00125A2D /* ViewTool.m */ = {isa = PBXFileReference; fileEncoding = 4; lastKnownFileType = sourcecode.c.objc; path = ViewTool.m; sourceTree = "<group>"; };
		48EA08E31E6FC4FF00125A2D /* JSONTool.h */ = {isa = PBXFileReference; fileEncoding = 4; lastKnownFileType = sourcecode.c.h; path = JSONTool.h; sourceTree = "<group>"; };
		48EA08E41E6FC4FF00125A2D /* JSONTool.m */ = {isa = PBXFileReference; fileEncoding = 4; lastKnownFileType = sourcecode.c.objc; path = JSONTool.m; sourceTree = "<group>"; };
		48EA08E61E6FC5F000125A2D /* UIView+LYS.h */ = {isa = PBXFileReference; fileEncoding = 4; lastKnownFileType = sourcecode.c.h; path = "UIView+LYS.h"; sourceTree = "<group>"; };
		48EA08E71E6FC5F000125A2D /* UIView+LYS.m */ = {isa = PBXFileReference; fileEncoding = 4; lastKnownFileType = sourcecode.c.objc; path = "UIView+LYS.m"; sourceTree = "<group>"; };
		48F814F01E9C5CAA00DF0516 /* UITextView+Placeholder.h */ = {isa = PBXFileReference; fileEncoding = 4; lastKnownFileType = sourcecode.c.h; path = "UITextView+Placeholder.h"; sourceTree = "<group>"; };
		48F814F11E9C5CAA00DF0516 /* UITextView+Placeholder.m */ = {isa = PBXFileReference; fileEncoding = 4; lastKnownFileType = sourcecode.c.objc; path = "UITextView+Placeholder.m"; sourceTree = "<group>"; };
		48F814F31E9C5D2A00DF0516 /* NSString+RandomKey.h */ = {isa = PBXFileReference; fileEncoding = 4; lastKnownFileType = sourcecode.c.h; path = "NSString+RandomKey.h"; sourceTree = "<group>"; };
		48F814F41E9C5D2A00DF0516 /* NSString+RandomKey.m */ = {isa = PBXFileReference; fileEncoding = 4; lastKnownFileType = sourcecode.c.objc; path = "NSString+RandomKey.m"; sourceTree = "<group>"; };
/* End PBXFileReference section */

/* Begin PBXFrameworksBuildPhase section */
		48CCBA2D1E6EF3A90000986F /* Frameworks */ = {
			isa = PBXFrameworksBuildPhase;
			buildActionMask = 2147483647;
			files = (
				48EA08DF1E6FC2EB00125A2D /* CoreImage.framework in Frameworks */,
			);
			runOnlyForDeploymentPostprocessing = 0;
		};
/* End PBXFrameworksBuildPhase section */

/* Begin PBXGroup section */
		48CCBA271E6EF3A90000986F = {
			isa = PBXGroup;
			children = (
				48CCBA321E6EF3A90000986F /* LYSCommonProject */,
				48CCBA311E6EF3A90000986F /* Products */,
				48EA08DD1E6FC2EB00125A2D /* Frameworks */,
			);
			sourceTree = "<group>";
		};
		48CCBA311E6EF3A90000986F /* Products */ = {
			isa = PBXGroup;
			children = (
				48CCBA301E6EF3A90000986F /* LYSCommonProject.app */,
			);
			name = Products;
			sourceTree = "<group>";
		};
		48CCBA321E6EF3A90000986F /* LYSCommonProject */ = {
			isa = PBXGroup;
			children = (
				48D661EA1E7009BF00BEA9C0 /* Vendor */,
				48CCBA4F1E6F8D960000986F /* Utils */,
				48CCBA4A1E6EF3C80000986F /* Category */,
				48CCBA361E6EF3A90000986F /* AppDelegate.h */,
				48CCBA371E6EF3A90000986F /* AppDelegate.m */,
				48CCBA391E6EF3A90000986F /* ViewController.h */,
				48CCBA3A1E6EF3A90000986F /* ViewController.m */,
				48CCBA3C1E6EF3A90000986F /* Main.storyboard */,
				48CCBA3F1E6EF3A90000986F /* Assets.xcassets */,
				48CCBA411E6EF3A90000986F /* LaunchScreen.storyboard */,
				48CCBA441E6EF3A90000986F /* Info.plist */,
				48CCBA331E6EF3A90000986F /* Supporting Files */,
			);
			path = LYSCommonProject;
			sourceTree = "<group>";
		};
		48CCBA331E6EF3A90000986F /* Supporting Files */ = {
			isa = PBXGroup;
			children = (
				48CCBA341E6EF3A90000986F /* main.m */,
			);
			name = "Supporting Files";
			sourceTree = "<group>";
		};
		48CCBA4A1E6EF3C80000986F /* Category */ = {
			isa = PBXGroup;
			children = (
				4824599E1EA318EC005CA399 /* UIImage+Gradient.h */,
				4824599F1EA318EC005CA399 /* UIImage+Gradient.m */,
				4824599B1EA31844005CA399 /* UITextField+BottomBorder.h */,
				4824599C1EA31844005CA399 /* UITextField+BottomBorder.m */,
				48E64A931E9CD316008C15D4 /* UITableView+Extension.h */,
				48E64A941E9CD316008C15D4 /* UITableView+Extension.m */,
				48CCBA641E6F91CC0000986F /* NSData+AES.h */,
				48CCBA651E6F91CC0000986F /* NSData+AES.m */,
				48CCBA4B1E6EF3E30000986F /* UIView+Size.h */,
				48CCBA4C1E6EF3E30000986F /* UIView+Size.m */,
				48CCBA6F1E6FA2550000986F /* NSObject+ScaleFrame.h */,
				48CCBA701E6FA2550000986F /* NSObject+ScaleFrame.m */,
				48EA08E61E6FC5F000125A2D /* UIView+LYS.h */,
				48EA08E71E6FC5F000125A2D /* UIView+LYS.m */,
				48F814F01E9C5CAA00DF0516 /* UITextView+Placeholder.h */,
				48F814F11E9C5CAA00DF0516 /* UITextView+Placeholder.m */,
				48F814F31E9C5D2A00DF0516 /* NSString+RandomKey.h */,
				48F814F41E9C5D2A00DF0516 /* NSString+RandomKey.m */,
			);
			path = Category;
			sourceTree = "<group>";
		};
		48CCBA4F1E6F8D960000986F /* Utils */ = {
			isa = PBXGroup;
			children = (
				48CCBA6E1E6F9EC80000986F /* GlobalFn.h */,
				48CCBA6D1E6F9E9F0000986F /* Singleton.h */,
				48CCBA5C1E6F91870000986F /* GTMBase64 */,
				48CCBA501E6F8DA90000986F /* PassWordTool.h */,
				48CCBA511E6F8DA90000986F /* PassWordTool.m */,
				48CCBA531E6F8DF90000986F /* KeychainTool.h */,
				48CCBA541E6F8DF90000986F /* KeychainTool.m */,
				48CCBA561E6F8E8F0000986F /* EncryptTool.h */,
				48CCBA571E6F8E8F0000986F /* EncryptTool.m */,
				48CCBA591E6F8EFB0000986F /* RSAEncryptorTool.h */,
				48CCBA5A1E6F8EFB0000986F /* RSAEncryptorTool.m */,
				48CCBA671E6F941A0000986F /* CookieTool.h */,
				48CCBA681E6F941A0000986F /* CookieTool.m */,
				48CCBA6A1E6F99710000986F /* TypeTransformTool.h */,
				48CCBA6B1E6F99710000986F /* TypeTransformTool.m */,
				48EA08CE1E6FC08800125A2D /* FileTools.h */,
				48EA08CF1E6FC08800125A2D /* FileTools.m */,
				48EA08D11E6FC13600125A2D /* StringTool.h */,
				48EA08D21E6FC13600125A2D /* StringTool.m */,
				48EA08D41E6FC1AF00125A2D /* DateTool.h */,
				48EA08D51E6FC1AF00125A2D /* DateTool.m */,
				48EA08D71E6FC26600125A2D /* ColorTool.h */,
				48EA08D81E6FC26600125A2D /* ColorTool.m */,
				48EA08DA1E6FC2C600125A2D /* ImageTool.h */,
				48EA08DB1E6FC2C600125A2D /* ImageTool.m */,
				48EA08E01E6FC4BD00125A2D /* ViewTool.h */,
				48EA08E11E6FC4BD00125A2D /* ViewTool.m */,
				48EA08E31E6FC4FF00125A2D /* JSONTool.h */,
				48EA08E41E6FC4FF00125A2D /* JSONTool.m */,
			);
			path = Utils;
			sourceTree = "<group>";
		};
		48CCBA5C1E6F91870000986F /* GTMBase64 */ = {
			isa = PBXGroup;
			children = (
				48CCBA5D1E6F91870000986F /* GTMBase64.h */,
				48CCBA5E1E6F91870000986F /* GTMBase64.m */,
				48CCBA5F1E6F91870000986F /* GTMDefines.h */,
				48CCBA601E6F91870000986F /* NSString+MD5.h */,
				48CCBA611E6F91870000986F /* NSString+MD5.m */,
			);
			path = GTMBase64;
			sourceTree = "<group>";
		};
		48D661EA1E7009BF00BEA9C0 /* Vendor */ = {
			isa = PBXGroup;
			children = (
				48E64A8E1E9CD1BD008C15D4 /* HMSegmentedControl */,
				48D661EB1E7009BF00BEA9C0 /* NinaSelectionView */,
			);
			path = Vendor;
			sourceTree = "<group>";
		};
		48D661EB1E7009BF00BEA9C0 /* NinaSelectionView */ = {
			isa = PBXGroup;
			children = (
				48D661EC1E7009BF00BEA9C0 /* LICENSE */,
				48D661ED1E7009BF00BEA9C0 /* NinaSelectionView */,
				48D661F11E7009BF00BEA9C0 /* README.md */,
			);
			path = NinaSelectionView;
			sourceTree = "<group>";
		};
		48D661ED1E7009BF00BEA9C0 /* NinaSelectionView */ = {
			isa = PBXGroup;
			children = (
				48D661EE1E7009BF00BEA9C0 /* NinaSelectionView.h */,
				48D661EF1E7009BF00BEA9C0 /* NinaSelectionView.m */,
				48D661F01E7009BF00BEA9C0 /* UIParameter.h */,
			);
			path = NinaSelectionView;
			sourceTree = "<group>";
		};
		48E64A8E1E9CD1BD008C15D4 /* HMSegmentedControl */ = {
			isa = PBXGroup;
			children = (
				48E64A8F1E9CD1BD008C15D4 /* HMSegmentedControl.h */,
				48E64A901E9CD1BD008C15D4 /* HMSegmentedControl.m */,
			);
			path = HMSegmentedControl;
			sourceTree = "<group>";
		};
		48EA08DD1E6FC2EB00125A2D /* Frameworks */ = {
			isa = PBXGroup;
			children = (
				48EA08DE1E6FC2EB00125A2D /* CoreImage.framework */,
			);
			name = Frameworks;
			sourceTree = "<group>";
		};
/* End PBXGroup section */

/* Begin PBXNativeTarget section */
		48CCBA2F1E6EF3A90000986F /* LYSCommonProject */ = {
			isa = PBXNativeTarget;
			buildConfigurationList = 48CCBA471E6EF3A90000986F /* Build configuration list for PBXNativeTarget "LYSCommonProject" */;
			buildPhases = (
				48CCBA2C1E6EF3A90000986F /* Sources */,
				48CCBA2D1E6EF3A90000986F /* Frameworks */,
				48CCBA2E1E6EF3A90000986F /* Resources */,
			);
			buildRules = (
			);
			dependencies = (
			);
			name = LYSCommonProject;
			productName = LYSCommonProject;
			productReference = 48CCBA301E6EF3A90000986F /* LYSCommonProject.app */;
			productType = "com.apple.product-type.application";
		};
/* End PBXNativeTarget section */

/* Begin PBXProject section */
		48CCBA281E6EF3A90000986F /* Project object */ = {
			isa = PBXProject;
			attributes = {
				LastUpgradeCheck = 0820;
				ORGANIZATIONNAME = Goldcard;
				TargetAttributes = {
					48CCBA2F1E6EF3A90000986F = {
						CreatedOnToolsVersion = 8.2.1;
						DevelopmentTeam = 4CX6972XTR;
						ProvisioningStyle = Automatic;
					};
				};
			};
			buildConfigurationList = 48CCBA2B1E6EF3A90000986F /* Build configuration list for PBXProject "LYSCommonProject" */;
			compatibilityVersion = "Xcode 3.2";
			developmentRegion = English;
			hasScannedForEncodings = 0;
			knownRegions = (
				en,
				Base,
			);
			mainGroup = 48CCBA271E6EF3A90000986F;
			productRefGroup = 48CCBA311E6EF3A90000986F /* Products */;
			projectDirPath = "";
			projectRoot = "";
			targets = (
				48CCBA2F1E6EF3A90000986F /* LYSCommonProject */,
			);
		};
/* End PBXProject section */

/* Begin PBXResourcesBuildPhase section */
		48CCBA2E1E6EF3A90000986F /* Resources */ = {
			isa = PBXResourcesBuildPhase;
			buildActionMask = 2147483647;
			files = (
				48CCBA431E6EF3A90000986F /* LaunchScreen.storyboard in Resources */,
				48CCBA401E6EF3A90000986F /* Assets.xcassets in Resources */,
				48D661F21E7009BF00BEA9C0 /* LICENSE in Resources */,
				48CCBA3E1E6EF3A90000986F /* Main.storyboard in Resources */,
			);
			runOnlyForDeploymentPostprocessing = 0;
		};
/* End PBXResourcesBuildPhase section */

/* Begin PBXSourcesBuildPhase section */
		48CCBA2C1E6EF3A90000986F /* Sources */ = {
			isa = PBXSourcesBuildPhase;
			buildActionMask = 2147483647;
			files = (
				48D661F31E7009BF00BEA9C0 /* NinaSelectionView.m in Sources */,
				48CCBA521E6F8DA90000986F /* PassWordTool.m in Sources */,
				48CCBA3B1E6EF3A90000986F /* ViewController.m in Sources */,
				48EA08E21E6FC4BD00125A2D /* ViewTool.m in Sources */,
				48CCBA631E6F91870000986F /* NSString+MD5.m in Sources */,
				48EA08D01E6FC08800125A2D /* FileTools.m in Sources */,
				48D661F41E7009BF00BEA9C0 /* README.md in Sources */,
				48CCBA6C1E6F99710000986F /* TypeTransformTool.m in Sources */,
				48CCBA381E6EF3A90000986F /* AppDelegate.m in Sources */,
				48EA08E81E6FC5F000125A2D /* UIView+LYS.m in Sources */,
				48CCBA351E6EF3A90000986F /* main.m in Sources */,
				4824599D1EA31844005CA399 /* UITextField+BottomBorder.m in Sources */,
				48CCBA711E6FA2550000986F /* NSObject+ScaleFrame.m in Sources */,
				482459A01EA318EC005CA399 /* UIImage+Gradient.m in Sources */,
				48CCBA581E6F8E8F0000986F /* EncryptTool.m in Sources */,
				48F814F21E9C5CAA00DF0516 /* UITextView+Placeholder.m in Sources */,
				48CCBA4D1E6EF3E30000986F /* UIView+Size.m in Sources */,
				48E64A951E9CD316008C15D4 /* UITableView+Extension.m in Sources */,
				48E64A911E9CD1BD008C15D4 /* HMSegmentedControl.m in Sources */,
				48CCBA691E6F941A0000986F /* CookieTool.m in Sources */,
				48CCBA551E6F8DF90000986F /* KeychainTool.m in Sources */,
				48EA08D31E6FC13600125A2D /* StringTool.m in Sources */,
				48CCBA661E6F91CC0000986F /* NSData+AES.m in Sources */,
				48EA08E51E6FC4FF00125A2D /* JSONTool.m in Sources */,
				48CCBA621E6F91870000986F /* GTMBase64.m in Sources */,
				48EA08DC1E6FC2C600125A2D /* ImageTool.m in Sources */,
				48EA08D61E6FC1AF00125A2D /* DateTool.m in Sources */,
				48CCBA5B1E6F8EFB0000986F /* RSAEncryptorTool.m in Sources */,
				48F814F51E9C5D2A00DF0516 /* NSString+RandomKey.m in Sources */,
				48EA08D91E6FC26600125A2D /* ColorTool.m in Sources */,
			);
			runOnlyForDeploymentPostprocessing = 0;
		};
/* End PBXSourcesBuildPhase section */

/* Begin PBXVariantGroup section */
		48CCBA3C1E6EF3A90000986F /* Main.storyboard */ = {
			isa = PBXVariantGroup;
			children = (
				48CCBA3D1E6EF3A90000986F /* Base */,
			);
			name = Main.storyboard;
			sourceTree = "<group>";
		};
		48CCBA411E6EF3A90000986F /* LaunchScreen.storyboard */ = {
			isa = PBXVariantGroup;
			children = (
				48CCBA421E6EF3A90000986F /* Base */,
			);
			name = LaunchScreen.storyboard;
			sourceTree = "<group>";
		};
/* End PBXVariantGroup section */

/* Begin XCBuildConfiguration section */
		48CCBA451E6EF3A90000986F /* Debug */ = {
			isa = XCBuildConfiguration;
			buildSettings = {
				ALWAYS_SEARCH_USER_PATHS = NO;
				CLANG_ANALYZER_NONNULL = YES;
				CLANG_CXX_LANGUAGE_STANDARD = "gnu++0x";
				CLANG_CXX_LIBRARY = "libc++";
				CLANG_ENABLE_MODULES = YES;
				CLANG_ENABLE_OBJC_ARC = YES;
				CLANG_WARN_BOOL_CONVERSION = YES;
				CLANG_WARN_CONSTANT_CONVERSION = YES;
				CLANG_WARN_DIRECT_OBJC_ISA_USAGE = YES_ERROR;
				CLANG_WARN_DOCUMENTATION_COMMENTS = YES;
				CLANG_WARN_EMPTY_BODY = YES;
				CLANG_WARN_ENUM_CONVERSION = YES;
				CLANG_WARN_INFINITE_RECURSION = YES;
				CLANG_WARN_INT_CONVERSION = YES;
				CLANG_WARN_OBJC_ROOT_CLASS = YES_ERROR;
				CLANG_WARN_SUSPICIOUS_MOVE = YES;
				CLANG_WARN_UNREACHABLE_CODE = YES;
				CLANG_WARN__DUPLICATE_METHOD_MATCH = YES;
				"CODE_SIGN_IDENTITY[sdk=iphoneos*]" = "iPhone Developer";
				COPY_PHASE_STRIP = NO;
				DEBUG_INFORMATION_FORMAT = dwarf;
				ENABLE_STRICT_OBJC_MSGSEND = YES;
				ENABLE_TESTABILITY = YES;
				GCC_C_LANGUAGE_STANDARD = gnu99;
				GCC_DYNAMIC_NO_PIC = NO;
				GCC_NO_COMMON_BLOCKS = YES;
				GCC_OPTIMIZATION_LEVEL = 0;
				GCC_PREPROCESSOR_DEFINITIONS = (
					"DEBUG=1",
					"$(inherited)",
				);
				GCC_WARN_64_TO_32_BIT_CONVERSION = YES;
				GCC_WARN_ABOUT_RETURN_TYPE = YES_ERROR;
				GCC_WARN_UNDECLARED_SELECTOR = YES;
				GCC_WARN_UNINITIALIZED_AUTOS = YES_AGGRESSIVE;
				GCC_WARN_UNUSED_FUNCTION = YES;
				GCC_WARN_UNUSED_VARIABLE = YES;
				IPHONEOS_DEPLOYMENT_TARGET = 10.2;
				MTL_ENABLE_DEBUG_INFO = YES;
				ONLY_ACTIVE_ARCH = YES;
				SDKROOT = iphoneos;
				TARGETED_DEVICE_FAMILY = "1,2";
			};
			name = Debug;
		};
		48CCBA461E6EF3A90000986F /* Release */ = {
			isa = XCBuildConfiguration;
			buildSettings = {
				ALWAYS_SEARCH_USER_PATHS = NO;
				CLANG_ANALYZER_NONNULL = YES;
				CLANG_CXX_LANGUAGE_STANDARD = "gnu++0x";
				CLANG_CXX_LIBRARY = "libc++";
				CLANG_ENABLE_MODULES = YES;
				CLANG_ENABLE_OBJC_ARC = YES;
				CLANG_WARN_BOOL_CONVERSION = YES;
				CLANG_WARN_CONSTANT_CONVERSION = YES;
				CLANG_WARN_DIRECT_OBJC_ISA_USAGE = YES_ERROR;
				CLANG_WARN_DOCUMENTATION_COMMENTS = YES;
				CLANG_WARN_EMPTY_BODY = YES;
				CLANG_WARN_ENUM_CONVERSION = YES;
				CLANG_WARN_INFINITE_RECURSION = YES;
				CLANG_WARN_INT_CONVERSION = YES;
				CLANG_WARN_OBJC_ROOT_CLASS = YES_ERROR;
				CLANG_WARN_SUSPICIOUS_MOVE = YES;
				CLANG_WARN_UNREACHABLE_CODE = YES;
				CLANG_WARN__DUPLICATE_METHOD_MATCH = YES;
				"CODE_SIGN_IDENTITY[sdk=iphoneos*]" = "iPhone Developer";
				COPY_PHASE_STRIP = NO;
				DEBUG_INFORMATION_FORMAT = "dwarf-with-dsym";
				ENABLE_NS_ASSERTIONS = NO;
				ENABLE_STRICT_OBJC_MSGSEND = YES;
				GCC_C_LANGUAGE_STANDARD = gnu99;
				GCC_NO_COMMON_BLOCKS = YES;
				GCC_WARN_64_TO_32_BIT_CONVERSION = YES;
				GCC_WARN_ABOUT_RETURN_TYPE = YES_ERROR;
				GCC_WARN_UNDECLARED_SELECTOR = YES;
				GCC_WARN_UNINITIALIZED_AUTOS = YES_AGGRESSIVE;
				GCC_WARN_UNUSED_FUNCTION = YES;
				GCC_WARN_UNUSED_VARIABLE = YES;
				IPHONEOS_DEPLOYMENT_TARGET = 10.2;
				MTL_ENABLE_DEBUG_INFO = NO;
				SDKROOT = iphoneos;
				TARGETED_DEVICE_FAMILY = "1,2";
				VALIDATE_PRODUCT = YES;
			};
			name = Release;
		};
		48CCBA481E6EF3A90000986F /* Debug */ = {
			isa = XCBuildConfiguration;
			buildSettings = {
				ASSETCATALOG_COMPILER_APPICON_NAME = AppIcon;
				DEVELOPMENT_TEAM = 4CX6972XTR;
				INFOPLIST_FILE = LYSCommonProject/Info.plist;
				LD_RUNPATH_SEARCH_PATHS = "$(inherited) @executable_path/Frameworks";
				PRODUCT_BUNDLE_IDENTIFIER = com.lys.test.LYSCommonProject;
				PRODUCT_NAME = "$(TARGET_NAME)";
			};
			name = Debug;
		};
		48CCBA491E6EF3A90000986F /* Release */ = {
			isa = XCBuildConfiguration;
			buildSettings = {
				ASSETCATALOG_COMPILER_APPICON_NAME = AppIcon;
				DEVELOPMENT_TEAM = 4CX6972XTR;
				INFOPLIST_FILE = LYSCommonProject/Info.plist;
				LD_RUNPATH_SEARCH_PATHS = "$(inherited) @executable_path/Frameworks";
				PRODUCT_BUNDLE_IDENTIFIER = com.lys.test.LYSCommonProject;
				PRODUCT_NAME = "$(TARGET_NAME)";
			};
			name = Release;
		};
/* End XCBuildConfiguration section */

/* Begin XCConfigurationList section */
		48CCBA2B1E6EF3A90000986F /* Build configuration list for PBXProject "LYSCommonProject" */ = {
			isa = XCConfigurationList;
			buildConfigurations = (
				48CCBA451E6EF3A90000986F /* Debug */,
				48CCBA461E6EF3A90000986F /* Release */,
			);
			defaultConfigurationIsVisible = 0;
			defaultConfigurationName = Release;
		};
		48CCBA471E6EF3A90000986F /* Build configuration list for PBXNativeTarget "LYSCommonProject" */ = {
			isa = XCConfigurationList;
			buildConfigurations = (
				48CCBA481E6EF3A90000986F /* Debug */,
				48CCBA491E6EF3A90000986F /* Release */,
			);
			defaultConfigurationIsVisible = 0;
			defaultConfigurationName = Release;
		};
/* End XCConfigurationList section */
	};
	rootObject = 48CCBA281E6EF3A90000986F /* Project object */;
}
